// !$*UTF8*$!
{
	archiveVersion = 1;
	classes = {
	};
	objectVersion = 48;
	objects = {

/* Begin PBXBuildFile section */
		ED0E61C020FDC05B00D5C0A3 /* RunLoopMonitor.m in Sources */ = {isa = PBXBuildFile; fileRef = ED0E61BF20FDC05B00D5C0A3 /* RunLoopMonitor.m */; };
		ED0E61C320FDC09C00D5C0A3 /* TestMonitorVC.m in Sources */ = {isa = PBXBuildFile; fileRef = ED0E61C220FDC09C00D5C0A3 /* TestMonitorVC.m */; };
		ED0E61C520FDC1E500D5C0A3 /* test.jpeg in Resources */ = {isa = PBXBuildFile; fileRef = ED0E61C420FDC1E500D5C0A3 /* test.jpeg */; };
		ED0E61C820FDD73B00D5C0A3 /* PerformanceMonitor.m in Sources */ = {isa = PBXBuildFile; fileRef = ED0E61C720FDD73B00D5C0A3 /* PerformanceMonitor.m */; };
		ED1F815021C74BBB006CBDAA /* HookTestVC+CoverMethod.m in Sources */ = {isa = PBXBuildFile; fileRef = ED1F814F21C74BBB006CBDAA /* HookTestVC+CoverMethod.m */; };
		ED1F815321C74C53006CBDAA /* HookTestVC+Covered2Method.m in Sources */ = {isa = PBXBuildFile; fileRef = ED1F815221C74C53006CBDAA /* HookTestVC+Covered2Method.m */; };
		ED1F815621C78A74006CBDAA /* HookTestSubVC.m in Sources */ = {isa = PBXBuildFile; fileRef = ED1F815521C78A74006CBDAA /* HookTestSubVC.m */; };
		ED1F815921C78B3E006CBDAA /* HookTestSubVC+OneHookMethod.m in Sources */ = {isa = PBXBuildFile; fileRef = ED1F815821C78B3E006CBDAA /* HookTestSubVC+OneHookMethod.m */; };
		ED1F815C21C79D6B006CBDAA /* NSMutableArray+hookAddMethod.m in Sources */ = {isa = PBXBuildFile; fileRef = ED1F815B21C79D6B006CBDAA /* NSMutableArray+hookAddMethod.m */; };
		ED1F815F21C7A2D6006CBDAA /* HookNSMutableArray.m in Sources */ = {isa = PBXBuildFile; fileRef = ED1F815E21C7A2D6006CBDAA /* HookNSMutableArray.m */; };
		ED2C9CC921B7B4C600D1DB94 /* ArcRefennceObj.m in Sources */ = {isa = PBXBuildFile; fileRef = ED2C9CC821B7B4C600D1DB94 /* ArcRefennceObj.m */; };
		ED30B69721C694FB000E0429 /* HookTestVC.m in Sources */ = {isa = PBXBuildFile; fileRef = ED30B69621C694FB000E0429 /* HookTestVC.m */; };
		ED30B69A21C69518000E0429 /* HookTestVC+OneHookMethod.m in Sources */ = {isa = PBXBuildFile; fileRef = ED30B69921C69518000E0429 /* HookTestVC+OneHookMethod.m */; };
		ED30B69D21C69524000E0429 /* HookTestVC+TwoHookMethod.m in Sources */ = {isa = PBXBuildFile; fileRef = ED30B69C21C69524000E0429 /* HookTestVC+TwoHookMethod.m */; };
		ED345C5820E7A3E60082CB50 /* AObj.m in Sources */ = {isa = PBXBuildFile; fileRef = ED345C5720E7A3E60082CB50 /* AObj.m */; };
		ED345C5B20E7A3F10082CB50 /* BObj.m in Sources */ = {isa = PBXBuildFile; fileRef = ED345C5A20E7A3F10082CB50 /* BObj.m */; };
		ED49B68F210EF24400D5D225 /* HitTestViewController.m in Sources */ = {isa = PBXBuildFile; fileRef = ED49B68E210EF24400D5D225 /* HitTestViewController.m */; };
		ED49B692210EF29D00D5D225 /* HitTestButton.m in Sources */ = {isa = PBXBuildFile; fileRef = ED49B691210EF29D00D5D225 /* HitTestButton.m */; };
		ED49B695210EFAC100D5D225 /* HitTestSuperView.m in Sources */ = {isa = PBXBuildFile; fileRef = ED49B694210EFAC100D5D225 /* HitTestSuperView.m */; };
		ED9D6DFA21919BF00037A2A4 /* PropertyVC.m in Sources */ = {isa = PBXBuildFile; fileRef = ED9D6DF921919BF00037A2A4 /* PropertyVC.m */; };
		ED9D6DFD2191CE8C0037A2A4 /* PropertySubVC.m in Sources */ = {isa = PBXBuildFile; fileRef = ED9D6DFC2191CE8C0037A2A4 /* PropertySubVC.m */; };
		EDA60B0D21A7DC3B00D0C12C /* NSArrayVC.m in Sources */ = {isa = PBXBuildFile; fileRef = EDA60B0C21A7DC3B00D0C12C /* NSArrayVC.m */; };
		EDA99FD320B13B3B009C4C64 /* AppDelegate.m in Sources */ = {isa = PBXBuildFile; fileRef = EDA99FD220B13B3B009C4C64 /* AppDelegate.m */; };
		EDA99FD620B13B3B009C4C64 /* ViewController.m in Sources */ = {isa = PBXBuildFile; fileRef = EDA99FD520B13B3B009C4C64 /* ViewController.m */; };
		EDA99FD920B13B3C009C4C64 /* Main.storyboard in Resources */ = {isa = PBXBuildFile; fileRef = EDA99FD720B13B3C009C4C64 /* Main.storyboard */; };
		EDA99FDB20B13B3C009C4C64 /* Assets.xcassets in Resources */ = {isa = PBXBuildFile; fileRef = EDA99FDA20B13B3C009C4C64 /* Assets.xcassets */; };
		EDA99FDE20B13B3C009C4C64 /* LaunchScreen.storyboard in Resources */ = {isa = PBXBuildFile; fileRef = EDA99FDC20B13B3C009C4C64 /* LaunchScreen.storyboard */; };
		EDA99FE120B13B3C009C4C64 /* main.m in Sources */ = {isa = PBXBuildFile; fileRef = EDA99FE020B13B3C009C4C64 /* main.m */; };
		EDA99FEB20B13B3D009C4C64 /* TestTests.m in Sources */ = {isa = PBXBuildFile; fileRef = EDA99FEA20B13B3D009C4C64 /* TestTests.m */; };
		EDA99FF620B13B3D009C4C64 /* TestUITests.m in Sources */ = {isa = PBXBuildFile; fileRef = EDA99FF520B13B3D009C4C64 /* TestUITests.m */; };
		EDAE104421AAA61800B1B9B3 /* MemoryRefenceVC.m in Sources */ = {isa = PBXBuildFile; fileRef = EDAE104321AAA61800B1B9B3 /* MemoryRefenceVC.m */; settings = {COMPILER_FLAGS = "-fno-objc-arc"; }; };
		EDAE108521AAB18200B1B9B3 /* MemoryObject.m in Sources */ = {isa = PBXBuildFile; fileRef = EDAE108421AAB18200B1B9B3 /* MemoryObject.m */; };
		EDAE108821AADE4A00B1B9B3 /* ARCRefreceVC.m in Sources */ = {isa = PBXBuildFile; fileRef = EDAE108721AADE4A00B1B9B3 /* ARCRefreceVC.m */; };
		EDD6662421C242A30080939F /* TestViewController.m in Sources */ = {isa = PBXBuildFile; fileRef = EDD6662321C242A30080939F /* TestViewController.m */; };
		EDE54F24219ABBC200248AA6 /* ObjectVC.m in Sources */ = {isa = PBXBuildFile; fileRef = EDE54F23219ABBC200248AA6 /* ObjectVC.m */; };
		EDE54F27219ABBEB00248AA6 /* MessageInvokeObj.m in Sources */ = {isa = PBXBuildFile; fileRef = EDE54F26219ABBEB00248AA6 /* MessageInvokeObj.m */; };
		EDE54F2A219AC7B200248AA6 /* InvokeMethodObj.m in Sources */ = {isa = PBXBuildFile; fileRef = EDE54F29219AC7B200248AA6 /* InvokeMethodObj.m */; };
		EDE54F2D219D821800248AA6 /* ClickButton.m in Sources */ = {isa = PBXBuildFile; fileRef = EDE54F2C219D821800248AA6 /* ClickButton.m */; };
/* End PBXBuildFile section */

/* Begin PBXContainerItemProxy section */
		EDA99FE720B13B3D009C4C64 /* PBXContainerItemProxy */ = {
			isa = PBXContainerItemProxy;
			containerPortal = EDA99FC620B13B3B009C4C64 /* Project object */;
			proxyType = 1;
			remoteGlobalIDString = EDA99FCD20B13B3B009C4C64;
			remoteInfo = Test;
		};
		EDA99FF220B13B3D009C4C64 /* PBXContainerItemProxy */ = {
			isa = PBXContainerItemProxy;
			containerPortal = EDA99FC620B13B3B009C4C64 /* Project object */;
			proxyType = 1;
			remoteGlobalIDString = EDA99FCD20B13B3B009C4C64;
			remoteInfo = Test;
		};
/* End PBXContainerItemProxy section */

/* Begin PBXFileReference section */
		ED0E61BE20FDC05B00D5C0A3 /* RunLoopMonitor.h */ = {isa = PBXFileReference; lastKnownFileType = sourcecode.c.h; path = RunLoopMonitor.h; sourceTree = "<group>"; };
		ED0E61BF20FDC05B00D5C0A3 /* RunLoopMonitor.m */ = {isa = PBXFileReference; lastKnownFileType = sourcecode.c.objc; path = RunLoopMonitor.m; sourceTree = "<group>"; };
		ED0E61C120FDC09C00D5C0A3 /* TestMonitorVC.h */ = {isa = PBXFileReference; lastKnownFileType = sourcecode.c.h; path = TestMonitorVC.h; sourceTree = "<group>"; };
		ED0E61C220FDC09C00D5C0A3 /* TestMonitorVC.m */ = {isa = PBXFileReference; lastKnownFileType = sourcecode.c.objc; path = TestMonitorVC.m; sourceTree = "<group>"; };
		ED0E61C420FDC1E500D5C0A3 /* test.jpeg */ = {isa = PBXFileReference; lastKnownFileType = image.jpeg; path = test.jpeg; sourceTree = "<group>"; };
		ED0E61C620FDD73A00D5C0A3 /* PerformanceMonitor.h */ = {isa = PBXFileReference; fileEncoding = 4; lastKnownFileType = sourcecode.c.h; path = PerformanceMonitor.h; sourceTree = "<group>"; };
		ED0E61C720FDD73B00D5C0A3 /* PerformanceMonitor.m */ = {isa = PBXFileReference; fileEncoding = 4; lastKnownFileType = sourcecode.c.objc; path = PerformanceMonitor.m; sourceTree = "<group>"; };
		ED1F814E21C74BBB006CBDAA /* HookTestVC+CoverMethod.h */ = {isa = PBXFileReference; lastKnownFileType = sourcecode.c.h; path = "HookTestVC+CoverMethod.h"; sourceTree = "<group>"; };
		ED1F814F21C74BBB006CBDAA /* HookTestVC+CoverMethod.m */ = {isa = PBXFileReference; lastKnownFileType = sourcecode.c.objc; path = "HookTestVC+CoverMethod.m"; sourceTree = "<group>"; };
		ED1F815121C74C53006CBDAA /* HookTestVC+Covered2Method.h */ = {isa = PBXFileReference; lastKnownFileType = sourcecode.c.h; path = "HookTestVC+Covered2Method.h"; sourceTree = "<group>"; };
		ED1F815221C74C53006CBDAA /* HookTestVC+Covered2Method.m */ = {isa = PBXFileReference; lastKnownFileType = sourcecode.c.objc; path = "HookTestVC+Covered2Method.m"; sourceTree = "<group>"; };
		ED1F815421C78A74006CBDAA /* HookTestSubVC.h */ = {isa = PBXFileReference; lastKnownFileType = sourcecode.c.h; path = HookTestSubVC.h; sourceTree = "<group>"; };
		ED1F815521C78A74006CBDAA /* HookTestSubVC.m */ = {isa = PBXFileReference; lastKnownFileType = sourcecode.c.objc; path = HookTestSubVC.m; sourceTree = "<group>"; };
		ED1F815721C78B3E006CBDAA /* HookTestSubVC+OneHookMethod.h */ = {isa = PBXFileReference; lastKnownFileType = sourcecode.c.h; path = "HookTestSubVC+OneHookMethod.h"; sourceTree = "<group>"; };
		ED1F815821C78B3E006CBDAA /* HookTestSubVC+OneHookMethod.m */ = {isa = PBXFileReference; lastKnownFileType = sourcecode.c.objc; path = "HookTestSubVC+OneHookMethod.m"; sourceTree = "<group>"; };
		ED1F815A21C79D6B006CBDAA /* NSMutableArray+hookAddMethod.h */ = {isa = PBXFileReference; lastKnownFileType = sourcecode.c.h; path = "NSMutableArray+hookAddMethod.h"; sourceTree = "<group>"; };
		ED1F815B21C79D6B006CBDAA /* NSMutableArray+hookAddMethod.m */ = {isa = PBXFileReference; lastKnownFileType = sourcecode.c.objc; path = "NSMutableArray+hookAddMethod.m"; sourceTree = "<group>"; };
		ED1F815D21C7A2D6006CBDAA /* HookNSMutableArray.h */ = {isa = PBXFileReference; lastKnownFileType = sourcecode.c.h; path = HookNSMutableArray.h; sourceTree = "<group>"; };
		ED1F815E21C7A2D6006CBDAA /* HookNSMutableArray.m */ = {isa = PBXFileReference; lastKnownFileType = sourcecode.c.objc; path = HookNSMutableArray.m; sourceTree = "<group>"; };
		ED2C9CC721B7B4C600D1DB94 /* ArcRefennceObj.h */ = {isa = PBXFileReference; lastKnownFileType = sourcecode.c.h; path = ArcRefennceObj.h; sourceTree = "<group>"; };
		ED2C9CC821B7B4C600D1DB94 /* ArcRefennceObj.m */ = {isa = PBXFileReference; lastKnownFileType = sourcecode.c.objc; path = ArcRefennceObj.m; sourceTree = "<group>"; };
		ED30B69521C694FB000E0429 /* HookTestVC.h */ = {isa = PBXFileReference; lastKnownFileType = sourcecode.c.h; path = HookTestVC.h; sourceTree = "<group>"; };
		ED30B69621C694FB000E0429 /* HookTestVC.m */ = {isa = PBXFileReference; lastKnownFileType = sourcecode.c.objc; path = HookTestVC.m; sourceTree = "<group>"; };
		ED30B69821C69518000E0429 /* HookTestVC+OneHookMethod.h */ = {isa = PBXFileReference; lastKnownFileType = sourcecode.c.h; path = "HookTestVC+OneHookMethod.h"; sourceTree = "<group>"; };
		ED30B69921C69518000E0429 /* HookTestVC+OneHookMethod.m */ = {isa = PBXFileReference; lastKnownFileType = sourcecode.c.objc; path = "HookTestVC+OneHookMethod.m"; sourceTree = "<group>"; };
		ED30B69B21C69524000E0429 /* HookTestVC+TwoHookMethod.h */ = {isa = PBXFileReference; lastKnownFileType = sourcecode.c.h; path = "HookTestVC+TwoHookMethod.h"; sourceTree = "<group>"; };
		ED30B69C21C69524000E0429 /* HookTestVC+TwoHookMethod.m */ = {isa = PBXFileReference; lastKnownFileType = sourcecode.c.objc; path = "HookTestVC+TwoHookMethod.m"; sourceTree = "<group>"; };
		ED345C5620E7A3E60082CB50 /* AObj.h */ = {isa = PBXFileReference; lastKnownFileType = sourcecode.c.h; path = AObj.h; sourceTree = "<group>"; };
		ED345C5720E7A3E60082CB50 /* AObj.m */ = {isa = PBXFileReference; lastKnownFileType = sourcecode.c.objc; path = AObj.m; sourceTree = "<group>"; };
		ED345C5920E7A3F10082CB50 /* BObj.h */ = {isa = PBXFileReference; lastKnownFileType = sourcecode.c.h; path = BObj.h; sourceTree = "<group>"; };
		ED345C5A20E7A3F10082CB50 /* BObj.m */ = {isa = PBXFileReference; lastKnownFileType = sourcecode.c.objc; path = BObj.m; sourceTree = "<group>"; };
		ED49B68D210EF24400D5D225 /* HitTestViewController.h */ = {isa = PBXFileReference; lastKnownFileType = sourcecode.c.h; path = HitTestViewController.h; sourceTree = "<group>"; };
		ED49B68E210EF24400D5D225 /* HitTestViewController.m */ = {isa = PBXFileReference; lastKnownFileType = sourcecode.c.objc; path = HitTestViewController.m; sourceTree = "<group>"; };
		ED49B690210EF29D00D5D225 /* HitTestButton.h */ = {isa = PBXFileReference; lastKnownFileType = sourcecode.c.h; path = HitTestButton.h; sourceTree = "<group>"; };
		ED49B691210EF29D00D5D225 /* HitTestButton.m */ = {isa = PBXFileReference; lastKnownFileType = sourcecode.c.objc; path = HitTestButton.m; sourceTree = "<group>"; };
		ED49B693210EFAC100D5D225 /* HitTestSuperView.h */ = {isa = PBXFileReference; lastKnownFileType = sourcecode.c.h; path = HitTestSuperView.h; sourceTree = "<group>"; };
		ED49B694210EFAC100D5D225 /* HitTestSuperView.m */ = {isa = PBXFileReference; lastKnownFileType = sourcecode.c.objc; path = HitTestSuperView.m; sourceTree = "<group>"; };
		ED9D6DF821919BF00037A2A4 /* PropertyVC.h */ = {isa = PBXFileReference; lastKnownFileType = sourcecode.c.h; path = PropertyVC.h; sourceTree = "<group>"; };
		ED9D6DF921919BF00037A2A4 /* PropertyVC.m */ = {isa = PBXFileReference; lastKnownFileType = sourcecode.c.objc; path = PropertyVC.m; sourceTree = "<group>"; };
		ED9D6DFB2191CE8C0037A2A4 /* PropertySubVC.h */ = {isa = PBXFileReference; lastKnownFileType = sourcecode.c.h; path = PropertySubVC.h; sourceTree = "<group>"; };
		ED9D6DFC2191CE8C0037A2A4 /* PropertySubVC.m */ = {isa = PBXFileReference; lastKnownFileType = sourcecode.c.objc; path = PropertySubVC.m; sourceTree = "<group>"; };
		EDA60B0B21A7DC3B00D0C12C /* NSArrayVC.h */ = {isa = PBXFileReference; lastKnownFileType = sourcecode.c.h; path = NSArrayVC.h; sourceTree = "<group>"; };
		EDA60B0C21A7DC3B00D0C12C /* NSArrayVC.m */ = {isa = PBXFileReference; lastKnownFileType = sourcecode.c.objc; path = NSArrayVC.m; sourceTree = "<group>"; };
		EDA99FCE20B13B3B009C4C64 /* Test.app */ = {isa = PBXFileReference; explicitFileType = wrapper.application; includeInIndex = 0; path = Test.app; sourceTree = BUILT_PRODUCTS_DIR; };
		EDA99FD120B13B3B009C4C64 /* AppDelegate.h */ = {isa = PBXFileReference; lastKnownFileType = sourcecode.c.h; path = AppDelegate.h; sourceTree = "<group>"; };
		EDA99FD220B13B3B009C4C64 /* AppDelegate.m */ = {isa = PBXFileReference; lastKnownFileType = sourcecode.c.objc; path = AppDelegate.m; sourceTree = "<group>"; };
		EDA99FD420B13B3B009C4C64 /* ViewController.h */ = {isa = PBXFileReference; lastKnownFileType = sourcecode.c.h; path = ViewController.h; sourceTree = "<group>"; };
		EDA99FD520B13B3B009C4C64 /* ViewController.m */ = {isa = PBXFileReference; lastKnownFileType = sourcecode.c.objc; path = ViewController.m; sourceTree = "<group>"; };
		EDA99FD820B13B3C009C4C64 /* Base */ = {isa = PBXFileReference; lastKnownFileType = file.storyboard; name = Base; path = Base.lproj/Main.storyboard; sourceTree = "<group>"; };
		EDA99FDA20B13B3C009C4C64 /* Assets.xcassets */ = {isa = PBXFileReference; lastKnownFileType = folder.assetcatalog; path = Assets.xcassets; sourceTree = "<group>"; };
		EDA99FDD20B13B3C009C4C64 /* Base */ = {isa = PBXFileReference; lastKnownFileType = file.storyboard; name = Base; path = Base.lproj/LaunchScreen.storyboard; sourceTree = "<group>"; };
		EDA99FDF20B13B3C009C4C64 /* Info.plist */ = {isa = PBXFileReference; lastKnownFileType = text.plist.xml; path = Info.plist; sourceTree = "<group>"; };
		EDA99FE020B13B3C009C4C64 /* main.m */ = {isa = PBXFileReference; lastKnownFileType = sourcecode.c.objc; path = main.m; sourceTree = "<group>"; };
		EDA99FE620B13B3D009C4C64 /* TestTests.xctest */ = {isa = PBXFileReference; explicitFileType = wrapper.cfbundle; includeInIndex = 0; path = TestTests.xctest; sourceTree = BUILT_PRODUCTS_DIR; };
		EDA99FEA20B13B3D009C4C64 /* TestTests.m */ = {isa = PBXFileReference; lastKnownFileType = sourcecode.c.objc; path = TestTests.m; sourceTree = "<group>"; };
		EDA99FEC20B13B3D009C4C64 /* Info.plist */ = {isa = PBXFileReference; lastKnownFileType = text.plist.xml; path = Info.plist; sourceTree = "<group>"; };
		EDA99FF120B13B3D009C4C64 /* TestUITests.xctest */ = {isa = PBXFileReference; explicitFileType = wrapper.cfbundle; includeInIndex = 0; path = TestUITests.xctest; sourceTree = BUILT_PRODUCTS_DIR; };
		EDA99FF520B13B3D009C4C64 /* TestUITests.m */ = {isa = PBXFileReference; lastKnownFileType = sourcecode.c.objc; path = TestUITests.m; sourceTree = "<group>"; };
		EDA99FF720B13B3D009C4C64 /* Info.plist */ = {isa = PBXFileReference; lastKnownFileType = text.plist.xml; path = Info.plist; sourceTree = "<group>"; };
		EDAE104221AAA61800B1B9B3 /* MemoryRefenceVC.h */ = {isa = PBXFileReference; lastKnownFileType = sourcecode.c.h; path = MemoryRefenceVC.h; sourceTree = "<group>"; };
		EDAE104321AAA61800B1B9B3 /* MemoryRefenceVC.m */ = {isa = PBXFileReference; lastKnownFileType = sourcecode.c.objc; path = MemoryRefenceVC.m; sourceTree = "<group>"; };
		EDAE108321AAB18100B1B9B3 /* MemoryObject.h */ = {isa = PBXFileReference; lastKnownFileType = sourcecode.c.h; path = MemoryObject.h; sourceTree = "<group>"; };
		EDAE108421AAB18200B1B9B3 /* MemoryObject.m */ = {isa = PBXFileReference; lastKnownFileType = sourcecode.c.objc; path = MemoryObject.m; sourceTree = "<group>"; };
		EDAE108621AADE4A00B1B9B3 /* ARCRefreceVC.h */ = {isa = PBXFileReference; lastKnownFileType = sourcecode.c.h; path = ARCRefreceVC.h; sourceTree = "<group>"; };
		EDAE108721AADE4A00B1B9B3 /* ARCRefreceVC.m */ = {isa = PBXFileReference; lastKnownFileType = sourcecode.c.objc; path = ARCRefreceVC.m; sourceTree = "<group>"; };
		EDD6662221C242A30080939F /* TestViewController.h */ = {isa = PBXFileReference; lastKnownFileType = sourcecode.c.h; path = TestViewController.h; sourceTree = "<group>"; };
		EDD6662321C242A30080939F /* TestViewController.m */ = {isa = PBXFileReference; lastKnownFileType = sourcecode.c.objc; path = TestViewController.m; sourceTree = "<group>"; };
		EDE54F22219ABBC200248AA6 /* ObjectVC.h */ = {isa = PBXFileReference; fileEncoding = 4; lastKnownFileType = sourcecode.c.h; path = ObjectVC.h; sourceTree = "<group>"; };
		EDE54F23219ABBC200248AA6 /* ObjectVC.m */ = {isa = PBXFileReference; fileEncoding = 4; lastKnownFileType = sourcecode.c.objc; path = ObjectVC.m; sourceTree = "<group>"; };
		EDE54F25219ABBEB00248AA6 /* MessageInvokeObj.h */ = {isa = PBXFileReference; lastKnownFileType = sourcecode.c.h; path = MessageInvokeObj.h; sourceTree = "<group>"; };
		EDE54F26219ABBEB00248AA6 /* MessageInvokeObj.m */ = {isa = PBXFileReference; lastKnownFileType = sourcecode.c.objc; path = MessageInvokeObj.m; sourceTree = "<group>"; };
		EDE54F28219AC7B200248AA6 /* InvokeMethodObj.h */ = {isa = PBXFileReference; lastKnownFileType = sourcecode.c.h; path = InvokeMethodObj.h; sourceTree = "<group>"; };
		EDE54F29219AC7B200248AA6 /* InvokeMethodObj.m */ = {isa = PBXFileReference; lastKnownFileType = sourcecode.c.objc; path = InvokeMethodObj.m; sourceTree = "<group>"; };
		EDE54F2B219D821800248AA6 /* ClickButton.h */ = {isa = PBXFileReference; lastKnownFileType = sourcecode.c.h; path = ClickButton.h; sourceTree = "<group>"; };
		EDE54F2C219D821800248AA6 /* ClickButton.m */ = {isa = PBXFileReference; lastKnownFileType = sourcecode.c.objc; path = ClickButton.m; sourceTree = "<group>"; };
/* End PBXFileReference section */

/* Begin PBXFrameworksBuildPhase section */
		EDA99FCB20B13B3B009C4C64 /* Frameworks */ = {
			isa = PBXFrameworksBuildPhase;
			buildActionMask = 2147483647;
			files = (
			);
			runOnlyForDeploymentPostprocessing = 0;
		};
		EDA99FE320B13B3D009C4C64 /* Frameworks */ = {
			isa = PBXFrameworksBuildPhase;
			buildActionMask = 2147483647;
			files = (
			);
			runOnlyForDeploymentPostprocessing = 0;
		};
		EDA99FEE20B13B3D009C4C64 /* Frameworks */ = {
			isa = PBXFrameworksBuildPhase;
			buildActionMask = 2147483647;
			files = (
			);
			runOnlyForDeploymentPostprocessing = 0;
		};
/* End PBXFrameworksBuildPhase section */

/* Begin PBXGroup section */
		ED0E61BD20FDC02F00D5C0A3 /* RunloopMonitor */ = {
			isa = PBXGroup;
			children = (
				ED0E61C620FDD73A00D5C0A3 /* PerformanceMonitor.h */,
				ED0E61C720FDD73B00D5C0A3 /* PerformanceMonitor.m */,
				ED0E61C420FDC1E500D5C0A3 /* test.jpeg */,
				ED0E61BE20FDC05B00D5C0A3 /* RunLoopMonitor.h */,
				ED0E61BF20FDC05B00D5C0A3 /* RunLoopMonitor.m */,
				ED0E61C120FDC09C00D5C0A3 /* TestMonitorVC.h */,
				ED0E61C220FDC09C00D5C0A3 /* TestMonitorVC.m */,
			);
			path = RunloopMonitor;
			sourceTree = "<group>";
		};
		ED30B69421C694A8000E0429 /* Hook */ = {
			isa = PBXGroup;
			children = (
				ED30B69521C694FB000E0429 /* HookTestVC.h */,
				ED30B69621C694FB000E0429 /* HookTestVC.m */,
				ED30B69821C69518000E0429 /* HookTestVC+OneHookMethod.h */,
				ED30B69921C69518000E0429 /* HookTestVC+OneHookMethod.m */,
				ED30B69B21C69524000E0429 /* HookTestVC+TwoHookMethod.h */,
				ED30B69C21C69524000E0429 /* HookTestVC+TwoHookMethod.m */,
				ED1F814E21C74BBB006CBDAA /* HookTestVC+CoverMethod.h */,
				ED1F814F21C74BBB006CBDAA /* HookTestVC+CoverMethod.m */,
				ED1F815121C74C53006CBDAA /* HookTestVC+Covered2Method.h */,
				ED1F815221C74C53006CBDAA /* HookTestVC+Covered2Method.m */,
				ED1F815421C78A74006CBDAA /* HookTestSubVC.h */,
				ED1F815521C78A74006CBDAA /* HookTestSubVC.m */,
				ED1F815721C78B3E006CBDAA /* HookTestSubVC+OneHookMethod.h */,
				ED1F815821C78B3E006CBDAA /* HookTestSubVC+OneHookMethod.m */,
				ED1F815A21C79D6B006CBDAA /* NSMutableArray+hookAddMethod.h */,
				ED1F815B21C79D6B006CBDAA /* NSMutableArray+hookAddMethod.m */,
				ED1F815D21C7A2D6006CBDAA /* HookNSMutableArray.h */,
				ED1F815E21C7A2D6006CBDAA /* HookNSMutableArray.m */,
			);
			path = Hook;
			sourceTree = "<group>";
		};
		ED30B69F21C69621000E0429 /* Property */ = {
			isa = PBXGroup;
			children = (
				ED9D6DF821919BF00037A2A4 /* PropertyVC.h */,
				ED9D6DF921919BF00037A2A4 /* PropertyVC.m */,
				ED9D6DFB2191CE8C0037A2A4 /* PropertySubVC.h */,
				ED9D6DFC2191CE8C0037A2A4 /* PropertySubVC.m */,
			);
			path = Property;
			sourceTree = "<group>";
		};
		ED49B68C210EF16300D5D225 /* Hit - Test */ = {
			isa = PBXGroup;
			children = (
				ED49B68D210EF24400D5D225 /* HitTestViewController.h */,
				ED49B68E210EF24400D5D225 /* HitTestViewController.m */,
				ED49B690210EF29D00D5D225 /* HitTestButton.h */,
				ED49B691210EF29D00D5D225 /* HitTestButton.m */,
				ED49B693210EFAC100D5D225 /* HitTestSuperView.h */,
				ED49B694210EFAC100D5D225 /* HitTestSuperView.m */,
			);
			path = "Hit - Test";
			sourceTree = "<group>";
		};
		EDA60B0A21A7DC2200D0C12C /* NSArray */ = {
			isa = PBXGroup;
			children = (
				EDA60B0B21A7DC3B00D0C12C /* NSArrayVC.h */,
				EDA60B0C21A7DC3B00D0C12C /* NSArrayVC.m */,
			);
			path = NSArray;
			sourceTree = "<group>";
		};
		EDA99FC520B13B3B009C4C64 = {
			isa = PBXGroup;
			children = (
				EDA99FD020B13B3B009C4C64 /* Test */,
				EDA99FE920B13B3D009C4C64 /* TestTests */,
				EDA99FF420B13B3D009C4C64 /* TestUITests */,
				EDA99FCF20B13B3B009C4C64 /* Products */,
			);
			sourceTree = "<group>";
		};
		EDA99FCF20B13B3B009C4C64 /* Products */ = {
			isa = PBXGroup;
			children = (
				EDA99FCE20B13B3B009C4C64 /* Test.app */,
				EDA99FE620B13B3D009C4C64 /* TestTests.xctest */,
				EDA99FF120B13B3D009C4C64 /* TestUITests.xctest */,
			);
			name = Products;
			sourceTree = "<group>";
		};
		EDA99FD020B13B3B009C4C64 /* Test */ = {
			isa = PBXGroup;
			children = (
				ED30B69F21C69621000E0429 /* Property */,
				ED30B69421C694A8000E0429 /* Hook */,
				EDD6662121C242850080939F /* UIView */,
				EDAE104121AAA5F100B1B9B3 /* MemoryRefence */,
				EDA60B0A21A7DC2200D0C12C /* NSArray */,
				EDE54F21219ABBC200248AA6 /* Object */,
				ED49B68C210EF16300D5D225 /* Hit - Test */,
				ED0E61BD20FDC02F00D5C0A3 /* RunloopMonitor */,
				EDA99FD120B13B3B009C4C64 /* AppDelegate.h */,
				EDA99FD220B13B3B009C4C64 /* AppDelegate.m */,
				EDA99FD420B13B3B009C4C64 /* ViewController.h */,
				EDA99FD520B13B3B009C4C64 /* ViewController.m */,
				ED345C5620E7A3E60082CB50 /* AObj.h */,
				ED345C5720E7A3E60082CB50 /* AObj.m */,
				ED345C5920E7A3F10082CB50 /* BObj.h */,
				ED345C5A20E7A3F10082CB50 /* BObj.m */,
				EDA99FD720B13B3C009C4C64 /* Main.storyboard */,
				EDA99FDA20B13B3C009C4C64 /* Assets.xcassets */,
				EDA99FDC20B13B3C009C4C64 /* LaunchScreen.storyboard */,
				EDA99FDF20B13B3C009C4C64 /* Info.plist */,
				EDA99FE020B13B3C009C4C64 /* main.m */,
			);
			path = Test;
			sourceTree = "<group>";
		};
		EDA99FE920B13B3D009C4C64 /* TestTests */ = {
			isa = PBXGroup;
			children = (
				EDA99FEA20B13B3D009C4C64 /* TestTests.m */,
				EDA99FEC20B13B3D009C4C64 /* Info.plist */,
			);
			path = TestTests;
			sourceTree = "<group>";
		};
		EDA99FF420B13B3D009C4C64 /* TestUITests */ = {
			isa = PBXGroup;
			children = (
				EDA99FF520B13B3D009C4C64 /* TestUITests.m */,
				EDA99FF720B13B3D009C4C64 /* Info.plist */,
			);
			path = TestUITests;
			sourceTree = "<group>";
		};
		EDAE104121AAA5F100B1B9B3 /* MemoryRefence */ = {
			isa = PBXGroup;
			children = (
				EDE54F2B219D821800248AA6 /* ClickButton.h */,
				EDE54F2C219D821800248AA6 /* ClickButton.m */,
				EDAE104221AAA61800B1B9B3 /* MemoryRefenceVC.h */,
				EDAE104321AAA61800B1B9B3 /* MemoryRefenceVC.m */,
				EDAE108321AAB18100B1B9B3 /* MemoryObject.h */,
				EDAE108421AAB18200B1B9B3 /* MemoryObject.m */,
				EDAE108621AADE4A00B1B9B3 /* ARCRefreceVC.h */,
				EDAE108721AADE4A00B1B9B3 /* ARCRefreceVC.m */,
				ED2C9CC721B7B4C600D1DB94 /* ArcRefennceObj.h */,
				ED2C9CC821B7B4C600D1DB94 /* ArcRefennceObj.m */,
			);
			path = MemoryRefence;
			sourceTree = "<group>";
		};
		EDD6662121C242850080939F /* UIView */ = {
			isa = PBXGroup;
			children = (
				EDD6662221C242A30080939F /* TestViewController.h */,
				EDD6662321C242A30080939F /* TestViewController.m */,
			);
			path = UIView;
			sourceTree = "<group>";
		};
		EDE54F21219ABBC200248AA6 /* Object */ = {
			isa = PBXGroup;
			children = (
				EDE54F22219ABBC200248AA6 /* ObjectVC.h */,
				EDE54F23219ABBC200248AA6 /* ObjectVC.m */,
				EDE54F25219ABBEB00248AA6 /* MessageInvokeObj.h */,
				EDE54F26219ABBEB00248AA6 /* MessageInvokeObj.m */,
				EDE54F28219AC7B200248AA6 /* InvokeMethodObj.h */,
				EDE54F29219AC7B200248AA6 /* InvokeMethodObj.m */,
			);
			path = Object;
			sourceTree = "<group>";
		};
/* End PBXGroup section */

/* Begin PBXNativeTarget section */
		EDA99FCD20B13B3B009C4C64 /* Test */ = {
			isa = PBXNativeTarget;
			buildConfigurationList = EDA99FFA20B13B3D009C4C64 /* Build configuration list for PBXNativeTarget "Test" */;
			buildPhases = (
				EDA99FCA20B13B3B009C4C64 /* Sources */,
				EDA99FCB20B13B3B009C4C64 /* Frameworks */,
				EDA99FCC20B13B3B009C4C64 /* Resources */,
			);
			buildRules = (
			);
			dependencies = (
			);
			name = Test;
			productName = Test;
			productReference = EDA99FCE20B13B3B009C4C64 /* Test.app */;
			productType = "com.apple.product-type.application";
		};
		EDA99FE520B13B3D009C4C64 /* TestTests */ = {
			isa = PBXNativeTarget;
			buildConfigurationList = EDA99FFD20B13B3D009C4C64 /* Build configuration list for PBXNativeTarget "TestTests" */;
			buildPhases = (
				EDA99FE220B13B3D009C4C64 /* Sources */,
				EDA99FE320B13B3D009C4C64 /* Frameworks */,
				EDA99FE420B13B3D009C4C64 /* Resources */,
			);
			buildRules = (
			);
			dependencies = (
				EDA99FE820B13B3D009C4C64 /* PBXTargetDependency */,
			);
			name = TestTests;
			productName = TestTests;
			productReference = EDA99FE620B13B3D009C4C64 /* TestTests.xctest */;
			productType = "com.apple.product-type.bundle.unit-test";
		};
		EDA99FF020B13B3D009C4C64 /* TestUITests */ = {
			isa = PBXNativeTarget;
			buildConfigurationList = EDA9A00020B13B3D009C4C64 /* Build configuration list for PBXNativeTarget "TestUITests" */;
			buildPhases = (
				EDA99FED20B13B3D009C4C64 /* Sources */,
				EDA99FEE20B13B3D009C4C64 /* Frameworks */,
				EDA99FEF20B13B3D009C4C64 /* Resources */,
			);
			buildRules = (
			);
			dependencies = (
				EDA99FF320B13B3D009C4C64 /* PBXTargetDependency */,
			);
			name = TestUITests;
			productName = TestUITests;
			productReference = EDA99FF120B13B3D009C4C64 /* TestUITests.xctest */;
			productType = "com.apple.product-type.bundle.ui-testing";
		};
/* End PBXNativeTarget section */

/* Begin PBXProject section */
		EDA99FC620B13B3B009C4C64 /* Project object */ = {
			isa = PBXProject;
			attributes = {
				LastUpgradeCheck = 0920;
				ORGANIZATIONNAME = ZHANGZHONGYANG;
				TargetAttributes = {
					EDA99FCD20B13B3B009C4C64 = {
						CreatedOnToolsVersion = 9.2;
						ProvisioningStyle = Automatic;
					};
					EDA99FE520B13B3D009C4C64 = {
						CreatedOnToolsVersion = 9.2;
						ProvisioningStyle = Automatic;
						TestTargetID = EDA99FCD20B13B3B009C4C64;
					};
					EDA99FF020B13B3D009C4C64 = {
						CreatedOnToolsVersion = 9.2;
						ProvisioningStyle = Automatic;
						TestTargetID = EDA99FCD20B13B3B009C4C64;
					};
				};
			};
			buildConfigurationList = EDA99FC920B13B3B009C4C64 /* Build configuration list for PBXProject "Test" */;
			compatibilityVersion = "Xcode 8.0";
			developmentRegion = en;
			hasScannedForEncodings = 0;
			knownRegions = (
				en,
				Base,
			);
			mainGroup = EDA99FC520B13B3B009C4C64;
			productRefGroup = EDA99FCF20B13B3B009C4C64 /* Products */;
			projectDirPath = "";
			projectRoot = "";
			targets = (
				EDA99FCD20B13B3B009C4C64 /* Test */,
				EDA99FE520B13B3D009C4C64 /* TestTests */,
				EDA99FF020B13B3D009C4C64 /* TestUITests */,
			);
		};
/* End PBXProject section */

/* Begin PBXResourcesBuildPhase section */
		EDA99FCC20B13B3B009C4C64 /* Resources */ = {
			isa = PBXResourcesBuildPhase;
			buildActionMask = 2147483647;
			files = (
				EDA99FDE20B13B3C009C4C64 /* LaunchScreen.storyboard in Resources */,
				EDA99FDB20B13B3C009C4C64 /* Assets.xcassets in Resources */,
				EDA99FD920B13B3C009C4C64 /* Main.storyboard in Resources */,
				ED0E61C520FDC1E500D5C0A3 /* test.jpeg in Resources */,
			);
			runOnlyForDeploymentPostprocessing = 0;
		};
		EDA99FE420B13B3D009C4C64 /* Resources */ = {
			isa = PBXResourcesBuildPhase;
			buildActionMask = 2147483647;
			files = (
			);
			runOnlyForDeploymentPostprocessing = 0;
		};
		EDA99FEF20B13B3D009C4C64 /* Resources */ = {
			isa = PBXResourcesBuildPhase;
			buildActionMask = 2147483647;
			files = (
			);
			runOnlyForDeploymentPostprocessing = 0;
		};
/* End PBXResourcesBuildPhase section */

/* Begin PBXSourcesBuildPhase section */
		EDA99FCA20B13B3B009C4C64 /* Sources */ = {
			isa = PBXSourcesBuildPhase;
			buildActionMask = 2147483647;
			files = (
				EDE54F2A219AC7B200248AA6 /* InvokeMethodObj.m in Sources */,
				ED49B68F210EF24400D5D225 /* HitTestViewController.m in Sources */,
				EDE54F2D219D821800248AA6 /* ClickButton.m in Sources */,
				ED49B695210EFAC100D5D225 /* HitTestSuperView.m in Sources */,
				ED1F815021C74BBB006CBDAA /* HookTestVC+CoverMethod.m in Sources */,
				ED30B69A21C69518000E0429 /* HookTestVC+OneHookMethod.m in Sources */,
				ED345C5B20E7A3F10082CB50 /* BObj.m in Sources */,
				ED1F815321C74C53006CBDAA /* HookTestVC+Covered2Method.m in Sources */,
				EDD6662421C242A30080939F /* TestViewController.m in Sources */,
				ED9D6DFD2191CE8C0037A2A4 /* PropertySubVC.m in Sources */,
				ED1F815F21C7A2D6006CBDAA /* HookNSMutableArray.m in Sources */,
				ED0E61C820FDD73B00D5C0A3 /* PerformanceMonitor.m in Sources */,
				EDA99FD620B13B3B009C4C64 /* ViewController.m in Sources */,
				ED30B69721C694FB000E0429 /* HookTestVC.m in Sources */,
				EDA60B0D21A7DC3B00D0C12C /* NSArrayVC.m in Sources */,
				ED1F815621C78A74006CBDAA /* HookTestSubVC.m in Sources */,
				ED0E61C020FDC05B00D5C0A3 /* RunLoopMonitor.m in Sources */,
				EDE54F24219ABBC200248AA6 /* ObjectVC.m in Sources */,
				EDAE108821AADE4A00B1B9B3 /* ARCRefreceVC.m in Sources */,
				EDE54F27219ABBEB00248AA6 /* MessageInvokeObj.m in Sources */,
				ED0E61C320FDC09C00D5C0A3 /* TestMonitorVC.m in Sources */,
				EDAE108521AAB18200B1B9B3 /* MemoryObject.m in Sources */,
				EDAE104421AAA61800B1B9B3 /* MemoryRefenceVC.m in Sources */,
				ED9D6DFA21919BF00037A2A4 /* PropertyVC.m in Sources */,
				ED2C9CC921B7B4C600D1DB94 /* ArcRefennceObj.m in Sources */,
				ED345C5820E7A3E60082CB50 /* AObj.m in Sources */,
				EDA99FE120B13B3C009C4C64 /* main.m in Sources */,
				EDA99FD320B13B3B009C4C64 /* AppDelegate.m in Sources */,
				ED30B69D21C69524000E0429 /* HookTestVC+TwoHookMethod.m in Sources */,
				ED1F815921C78B3E006CBDAA /* HookTestSubVC+OneHookMethod.m in Sources */,
				ED1F815C21C79D6B006CBDAA /* NSMutableArray+hookAddMethod.m in Sources */,
				ED49B692210EF29D00D5D225 /* HitTestButton.m in Sources */,
			);
			runOnlyForDeploymentPostprocessing = 0;
		};
		EDA99FE220B13B3D009C4C64 /* Sources */ = {
			isa = PBXSourcesBuildPhase;
			buildActionMask = 2147483647;
			files = (
				EDA99FEB20B13B3D009C4C64 /* TestTests.m in Sources */,
			);
			runOnlyForDeploymentPostprocessing = 0;
		};
		EDA99FED20B13B3D009C4C64 /* Sources */ = {
			isa = PBXSourcesBuildPhase;
			buildActionMask = 2147483647;
			files = (
				EDA99FF620B13B3D009C4C64 /* TestUITests.m in Sources */,
			);
			runOnlyForDeploymentPostprocessing = 0;
		};
/* End PBXSourcesBuildPhase section */

/* Begin PBXTargetDependency section */
		EDA99FE820B13B3D009C4C64 /* PBXTargetDependency */ = {
			isa = PBXTargetDependency;
			target = EDA99FCD20B13B3B009C4C64 /* Test */;
			targetProxy = EDA99FE720B13B3D009C4C64 /* PBXContainerItemProxy */;
		};
		EDA99FF320B13B3D009C4C64 /* PBXTargetDependency */ = {
			isa = PBXTargetDependency;
			target = EDA99FCD20B13B3B009C4C64 /* Test */;
			targetProxy = EDA99FF220B13B3D009C4C64 /* PBXContainerItemProxy */;
		};
/* End PBXTargetDependency section */

/* Begin PBXVariantGroup section */
		EDA99FD720B13B3C009C4C64 /* Main.storyboard */ = {
			isa = PBXVariantGroup;
			children = (
				EDA99FD820B13B3C009C4C64 /* Base */,
			);
			name = Main.storyboard;
			sourceTree = "<group>";
		};
		EDA99FDC20B13B3C009C4C64 /* LaunchScreen.storyboard */ = {
			isa = PBXVariantGroup;
			children = (
				EDA99FDD20B13B3C009C4C64 /* Base */,
			);
			name = LaunchScreen.storyboard;
			sourceTree = "<group>";
		};
/* End PBXVariantGroup section */

/* Begin XCBuildConfiguration section */
		EDA99FF820B13B3D009C4C64 /* Debug */ = {
			isa = XCBuildConfiguration;
			buildSettings = {
				ALWAYS_SEARCH_USER_PATHS = NO;
				CLANG_ANALYZER_NONNULL = YES;
				CLANG_ANALYZER_NUMBER_OBJECT_CONVERSION = YES_AGGRESSIVE;
				CLANG_CXX_LANGUAGE_STANDARD = "gnu++14";
				CLANG_CXX_LIBRARY = "libc++";
				CLANG_ENABLE_MODULES = YES;
				CLANG_ENABLE_OBJC_ARC = YES;
				CLANG_WARN_BLOCK_CAPTURE_AUTORELEASING = YES;
				CLANG_WARN_BOOL_CONVERSION = YES;
				CLANG_WARN_COMMA = YES;
				CLANG_WARN_CONSTANT_CONVERSION = YES;
				CLANG_WARN_DIRECT_OBJC_ISA_USAGE = YES_ERROR;
				CLANG_WARN_DOCUMENTATION_COMMENTS = YES;
				CLANG_WARN_EMPTY_BODY = YES;
				CLANG_WARN_ENUM_CONVERSION = YES;
				CLANG_WARN_INFINITE_RECURSION = YES;
				CLANG_WARN_INT_CONVERSION = YES;
				CLANG_WARN_NON_LITERAL_NULL_CONVERSION = YES;
				CLANG_WARN_OBJC_LITERAL_CONVERSION = YES;
				CLANG_WARN_OBJC_ROOT_CLASS = YES_ERROR;
				CLANG_WARN_RANGE_LOOP_ANALYSIS = YES;
				CLANG_WARN_STRICT_PROTOTYPES = YES;
				CLANG_WARN_SUSPICIOUS_MOVE = YES;
				CLANG_WARN_UNGUARDED_AVAILABILITY = YES_AGGRESSIVE;
				CLANG_WARN_UNREACHABLE_CODE = YES;
				CLANG_WARN__DUPLICATE_METHOD_MATCH = YES;
				CODE_SIGN_IDENTITY = "iPhone Developer";
				COPY_PHASE_STRIP = NO;
				DEBUG_INFORMATION_FORMAT = dwarf;
				ENABLE_STRICT_OBJC_MSGSEND = YES;
				ENABLE_TESTABILITY = YES;
				GCC_C_LANGUAGE_STANDARD = gnu11;
				GCC_DYNAMIC_NO_PIC = NO;
				GCC_NO_COMMON_BLOCKS = YES;
				GCC_OPTIMIZATION_LEVEL = 0;
				GCC_PREPROCESSOR_DEFINITIONS = (
					"DEBUG=1",
					"$(inherited)",
				);
				GCC_WARN_64_TO_32_BIT_CONVERSION = YES;
				GCC_WARN_ABOUT_RETURN_TYPE = YES_ERROR;
				GCC_WARN_UNDECLARED_SELECTOR = YES;
				GCC_WARN_UNINITIALIZED_AUTOS = YES_AGGRESSIVE;
				GCC_WARN_UNUSED_FUNCTION = YES;
				GCC_WARN_UNUSED_VARIABLE = YES;
				IPHONEOS_DEPLOYMENT_TARGET = 11.2;
				MTL_ENABLE_DEBUG_INFO = YES;
				ONLY_ACTIVE_ARCH = YES;
				SDKROOT = iphoneos;
			};
			name = Debug;
		};
		EDA99FF920B13B3D009C4C64 /* Release */ = {
			isa = XCBuildConfiguration;
			buildSettings = {
				ALWAYS_SEARCH_USER_PATHS = NO;
				CLANG_ANALYZER_NONNULL = YES;
				CLANG_ANALYZER_NUMBER_OBJECT_CONVERSION = YES_AGGRESSIVE;
				CLANG_CXX_LANGUAGE_STANDARD = "gnu++14";
				CLANG_CXX_LIBRARY = "libc++";
				CLANG_ENABLE_MODULES = YES;
				CLANG_ENABLE_OBJC_ARC = YES;
				CLANG_WARN_BLOCK_CAPTURE_AUTORELEASING = YES;
				CLANG_WARN_BOOL_CONVERSION = YES;
				CLANG_WARN_COMMA = YES;
				CLANG_WARN_CONSTANT_CONVERSION = YES;
				CLANG_WARN_DIRECT_OBJC_ISA_USAGE = YES_ERROR;
				CLANG_WARN_DOCUMENTATION_COMMENTS = YES;
				CLANG_WARN_EMPTY_BODY = YES;
				CLANG_WARN_ENUM_CONVERSION = YES;
				CLANG_WARN_INFINITE_RECURSION = YES;
				CLANG_WARN_INT_CONVERSION = YES;
				CLANG_WARN_NON_LITERAL_NULL_CONVERSION = YES;
				CLANG_WARN_OBJC_LITERAL_CONVERSION = YES;
				CLANG_WARN_OBJC_ROOT_CLASS = YES_ERROR;
				CLANG_WARN_RANGE_LOOP_ANALYSIS = YES;
				CLANG_WARN_STRICT_PROTOTYPES = YES;
				CLANG_WARN_SUSPICIOUS_MOVE = YES;
				CLANG_WARN_UNGUARDED_AVAILABILITY = YES_AGGRESSIVE;
				CLANG_WARN_UNREACHABLE_CODE = YES;
				CLANG_WARN__DUPLICATE_METHOD_MATCH = YES;
				CODE_SIGN_IDENTITY = "iPhone Developer";
				COPY_PHASE_STRIP = NO;
				DEBUG_INFORMATION_FORMAT = "dwarf-with-dsym";
				ENABLE_NS_ASSERTIONS = NO;
				ENABLE_STRICT_OBJC_MSGSEND = YES;
				GCC_C_LANGUAGE_STANDARD = gnu11;
				GCC_NO_COMMON_BLOCKS = YES;
				GCC_WARN_64_TO_32_BIT_CONVERSION = YES;
				GCC_WARN_ABOUT_RETURN_TYPE = YES_ERROR;
				GCC_WARN_UNDECLARED_SELECTOR = YES;
				GCC_WARN_UNINITIALIZED_AUTOS = YES_AGGRESSIVE;
				GCC_WARN_UNUSED_FUNCTION = YES;
				GCC_WARN_UNUSED_VARIABLE = YES;
				IPHONEOS_DEPLOYMENT_TARGET = 11.2;
				MTL_ENABLE_DEBUG_INFO = NO;
				SDKROOT = iphoneos;
				VALIDATE_PRODUCT = YES;
			};
			name = Release;
		};
		EDA99FFB20B13B3D009C4C64 /* Debug */ = {
			isa = XCBuildConfiguration;
			buildSettings = {
				ASSETCATALOG_COMPILER_APPICON_NAME = AppIcon;
				CODE_SIGN_STYLE = Automatic;
				DEVELOPMENT_TEAM = BR9NK93Y23;
				INFOPLIST_FILE = Test/Info.plist;
				IPHONEOS_DEPLOYMENT_TARGET = 9.2;
				LD_RUNPATH_SEARCH_PATHS = "$(inherited) @executable_path/Frameworks";
				PRODUCT_BUNDLE_IDENTIFIER = zhangzhongyang123;
				PRODUCT_NAME = "$(TARGET_NAME)";
				TARGETED_DEVICE_FAMILY = "1,2";
			};
			name = Debug;
		};
		EDA99FFC20B13B3D009C4C64 /* Release */ = {
			isa = XCBuildConfiguration;
			buildSettings = {
				ASSETCATALOG_COMPILER_APPICON_NAME = AppIcon;
				CODE_SIGN_STYLE = Automatic;
				DEVELOPMENT_TEAM = BR9NK93Y23;
				INFOPLIST_FILE = Test/Info.plist;
				IPHONEOS_DEPLOYMENT_TARGET = 9.2;
				LD_RUNPATH_SEARCH_PATHS = "$(inherited) @executable_path/Frameworks";
				PRODUCT_BUNDLE_IDENTIFIER = zhangzhongyang123;
				PRODUCT_NAME = "$(TARGET_NAME)";
				TARGETED_DEVICE_FAMILY = "1,2";
			};
			name = Release;
		};
		EDA99FFE20B13B3D009C4C64 /* Debug */ = {
			isa = XCBuildConfiguration;
			buildSettings = {
				BUNDLE_LOADER = "$(TEST_HOST)";
				CODE_SIGN_STYLE = Automatic;
				DEVELOPMENT_TEAM = BR9NK93Y23;
				INFOPLIST_FILE = TestTests/Info.plist;
				LD_RUNPATH_SEARCH_PATHS = "$(inherited) @executable_path/Frameworks @loader_path/Frameworks";
				PRODUCT_BUNDLE_IDENTIFIER = ZHANGZHONGYANG.TestTests;
				PRODUCT_NAME = "$(TARGET_NAME)";
				TARGETED_DEVICE_FAMILY = "1,2";
				TEST_HOST = "$(BUILT_PRODUCTS_DIR)/Test.app/Test";
			};
			name = Debug;
		};
		EDA99FFF20B13B3D009C4C64 /* Release */ = {
			isa = XCBuildConfiguration;
			buildSettings = {
				BUNDLE_LOADER = "$(TEST_HOST)";
				CODE_SIGN_STYLE = Automatic;
				DEVELOPMENT_TEAM = BR9NK93Y23;
				INFOPLIST_FILE = TestTests/Info.plist;
				LD_RUNPATH_SEARCH_PATHS = "$(inherited) @executable_path/Frameworks @loader_path/Frameworks";
				PRODUCT_BUNDLE_IDENTIFIER = ZHANGZHONGYANG.TestTests;
				PRODUCT_NAME = "$(TARGET_NAME)";
				TARGETED_DEVICE_FAMILY = "1,2";
				TEST_HOST = "$(BUILT_PRODUCTS_DIR)/Test.app/Test";
			};
			name = Release;
		};
		EDA9A00120B13B3D009C4C64 /* Debug */ = {
			isa = XCBuildConfiguration;
			buildSettings = {
				CODE_SIGN_STYLE = Automatic;
				DEVELOPMENT_TEAM = BR9NK93Y23;
				INFOPLIST_FILE = TestUITests/Info.plist;
				LD_RUNPATH_SEARCH_PATHS = "$(inherited) @executable_path/Frameworks @loader_path/Frameworks";
				PRODUCT_BUNDLE_IDENTIFIER = ZHANGZHONGYANG.TestUITests;
				PRODUCT_NAME = "$(TARGET_NAME)";
				TARGETED_DEVICE_FAMILY = "1,2";
				TEST_TARGET_NAME = Test;
			};
			name = Debug;
		};
		EDA9A00220B13B3D009C4C64 /* Release */ = {
			isa = XCBuildConfiguration;
			buildSettings = {
				CODE_SIGN_STYLE = Automatic;
				DEVELOPMENT_TEAM = BR9NK93Y23;
				INFOPLIST_FILE = TestUITests/Info.plist;
				LD_RUNPATH_SEARCH_PATHS = "$(inherited) @executable_path/Frameworks @loader_path/Frameworks";
				PRODUCT_BUNDLE_IDENTIFIER = ZHANGZHONGYANG.TestUITests;
				PRODUCT_NAME = "$(TARGET_NAME)";
				TARGETED_DEVICE_FAMILY = "1,2";
				TEST_TARGET_NAME = Test;
			};
			name = Release;
		};
/* End XCBuildConfiguration section */

/* Begin XCConfigurationList section */
		EDA99FC920B13B3B009C4C64 /* Build configuration list for PBXProject "Test" */ = {
			isa = XCConfigurationList;
			buildConfigurations = (
				EDA99FF820B13B3D009C4C64 /* Debug */,
				EDA99FF920B13B3D009C4C64 /* Release */,
			);
			defaultConfigurationIsVisible = 0;
			defaultConfigurationName = Release;
		};
		EDA99FFA20B13B3D009C4C64 /* Build configuration list for PBXNativeTarget "Test" */ = {
			isa = XCConfigurationList;
			buildConfigurations = (
				EDA99FFB20B13B3D009C4C64 /* Debug */,
				EDA99FFC20B13B3D009C4C64 /* Release */,
			);
			defaultConfigurationIsVisible = 0;
			defaultConfigurationName = Release;
		};
		EDA99FFD20B13B3D009C4C64 /* Build configuration list for PBXNativeTarget "TestTests" */ = {
			isa = XCConfigurationList;
			buildConfigurations = (
				EDA99FFE20B13B3D009C4C64 /* Debug */,
				EDA99FFF20B13B3D009C4C64 /* Release */,
			);
			defaultConfigurationIsVisible = 0;
			defaultConfigurationName = Release;
		};
		EDA9A00020B13B3D009C4C64 /* Build configuration list for PBXNativeTarget "TestUITests" */ = {
			isa = XCConfigurationList;
			buildConfigurations = (
				EDA9A00120B13B3D009C4C64 /* Debug */,
				EDA9A00220B13B3D009C4C64 /* Release */,
			);
			defaultConfigurationIsVisible = 0;
			defaultConfigurationName = Release;
		};
/* End XCConfigurationList section */
	};
	rootObject = EDA99FC620B13B3B009C4C64 /* Project object */;
}
